<?xml version="1.0" encoding="utf-8"?>
<!-- Copyright (c) 2015-2019 LunarG, Inc. -->
<Project ToolsVersion="4.0" xmlns="http://schemas.microsoft.com/developer/msbuild/2003">
  <ItemGroup>
    <Filter Include="Source Files">
      <UniqueIdentifier>{4FC737F1-C7A5-4376-A066-2A32D752A2FF}</UniqueIdentifier>
      <Extensions>cpp;c;cc;cxx;def;odl;idl;hpj;bat;asm;asmx</Extensions>
    </Filter>
    <Filter Include="Header Files">
      <UniqueIdentifier>{93995380-89BD-4b04-88EB-625FBE52EBFB}</UniqueIdentifier>
      <Extensions>h;hh;hpp;hxx;hm;inl;inc;xsd</Extensions>
    </Filter>
    <Filter Include="Resource Files">
      <UniqueIdentifier>{67DA6AB6-F800-4c08-8B7A-83BB121AAD01}</UniqueIdentifier>
      <Extensions>rc;ico;cur;bmp;dlg;rc2;rct;bin;rgs;gif;jpg;jpeg;jpe;resx;tiff;tif;png;wav;mfcribbon-ms</Extensions>
    </Filter>
    <Filter Include="Header Files\vk">
      <UniqueIdentifier>{419452a2-396d-4cd5-91bb-ce39c6ee0fac}</UniqueIdentifier>
    </Filter>
    <Filter Include="Source Files\vk">
      <UniqueIdentifier>{6cd22398-84d5-45f1-9db2-e8c4c6aca614}</UniqueIdentifier>
    </Filter>
    <Filter Include="Header Files\cen">
      <UniqueIdentifier>{4f375985-7bae-40fd-b359-e229f42a4240}</UniqueIdentifier>
    </Filter>
    <Filter Include="Shaders">
      <UniqueIdentifier>{2daab696-4473-42fe-8645-6d73030dc7c2}</UniqueIdentifier>
    </Filter>
    <Filter Include="Source Files\cen">
      <UniqueIdentifier>{76bb9c69-d782-4f43-8a43-aa0f361325d5}</UniqueIdentifier>
    </Filter>
  </ItemGroup>
  <ItemGroup>
    <ClCompile Include="main.cpp">
      <Filter>Source Files</Filter>
    </ClCompile>
    <ClCompile Include="application.cpp">
      <Filter>Source Files</Filter>
    </ClCompile>
    <ClCompile Include="vk\utils.cpp">
      <Filter>Source Files\vk</Filter>
    </ClCompile>
    <ClCompile Include="vk\instance_info.cpp">
      <Filter>Source Files\vk</Filter>
    </ClCompile>
    <ClCompile Include="vk\device_info.cpp">
      <Filter>Source Files\vk</Filter>
    </ClCompile>
    <ClCompile Include="vk\swap_chain_info.cpp">
      <Filter>Source Files\vk</Filter>
    </ClCompile>
    <ClCompile Include="cen\context.cpp">
      <Filter>Source Files\cen</Filter>
    </ClCompile>
    <ClCompile Include="vk\context.cpp">
      <Filter>Source Files\vk</Filter>
    </ClCompile>
    <ClCompile Include="vk\queues.cpp">
      <Filter>Source Files\vk</Filter>
    </ClCompile>
    <ClCompile Include="vk\queue_infos.cpp">
      <Filter>Source Files\vk</Filter>
    </ClCompile>
    <ClCompile Include="vk\swap_chain.cpp">
      <Filter>Source Files\vk</Filter>
    </ClCompile>
    <ClCompile Include="vk\pipeline.cpp">
      <Filter>Source Files\vk</Filter>
    </ClCompile>
    <ClCompile Include="vk\viewport_info.cpp">
      <Filter>Source Files\vk</Filter>
    </ClCompile>
    <ClCompile Include="vk\shader_stages_info.cpp">
      <Filter>Source Files\vk</Filter>
    </ClCompile>
    <ClCompile Include="vk\physical_device_selector.cpp">
      <Filter>Source Files\vk</Filter>
    </ClCompile>
    <ClCompile Include="vk\frame_data.cpp">
      <Filter>Source Files\vk</Filter>
    </ClCompile>
  </ItemGroup>
  <ItemGroup>
    <ClInclude Include="application.h">
      <Filter>Header Files</Filter>
    </ClInclude>
    <ClInclude Include="vk\utils.h">
      <Filter>Header Files\vk</Filter>
    </ClInclude>
    <ClInclude Include="vk\instance_info.h">
      <Filter>Header Files\vk</Filter>
    </ClInclude>
    <ClInclude Include="vk\device_info.h">
      <Filter>Header Files\vk</Filter>
    </ClInclude>
    <ClInclude Include="vk\queue_family.h">
      <Filter>Header Files\vk</Filter>
    </ClInclude>
    <ClInclude Include="vk\swap_chain_info.h">
      <Filter>Header Files\vk</Filter>
    </ClInclude>
    <ClInclude Include="cen\utils.h">
      <Filter>Header Files\cen</Filter>
    </ClInclude>
    <ClInclude Include="shaders\utils.h">
      <Filter>Shaders</Filter>
    </ClInclude>
    <ClInclude Include="cen\context.h">
      <Filter>Header Files\cen</Filter>
    </ClInclude>
    <ClInclude Include="vk\context.h">
      <Filter>Header Files\vk</Filter>
    </ClInclude>
    <ClInclude Include="vk\queues.h">
      <Filter>Header Files\vk</Filter>
    </ClInclude>
    <ClInclude Include="vk\queue_infos.h">
      <Filter>Header Files\vk</Filter>
    </ClInclude>
    <ClInclude Include="vk\swap_chain.h">
      <Filter>Header Files\vk</Filter>
    </ClInclude>
    <ClInclude Include="vk\pipeline.h">
      <Filter>Header Files\vk</Filter>
    </ClInclude>
    <ClInclude Include="vk\viewport_info.h">
      <Filter>Header Files\vk</Filter>
    </ClInclude>
    <ClInclude Include="vk\shader_stages_info.h">
      <Filter>Header Files\vk</Filter>
    </ClInclude>
    <ClInclude Include="vk\physical_device_selector.h">
      <Filter>Header Files\vk</Filter>
    </ClInclude>
    <ClInclude Include="vk\frame_data.h">
      <Filter>Header Files\vk</Filter>
    </ClInclude>
  </ItemGroup>
  <ItemGroup>
    <VulkanGLSLShader Include="shaders\shader.vert">
      <Filter>Shaders</Filter>
    </VulkanGLSLShader>
    <VulkanGLSLShader Include="shaders\shader.frag">
      <Filter>Shaders</Filter>
    </VulkanGLSLShader>
  </ItemGroup>
</Project>